
Microsoft Visual Studio Solution File, Format Version 12.00
# Visual Studio 15
VisualStudioVersion = 15.0.27004.2002
MinimumVisualStudioVersion = 10.0.40219.1
Project("{FAE04EC0-301F-11D3-BF4B-00C04F79EFBC}") = "SingleInstanceManager", "SingleInstanceManager\SingleInstanceManager.csproj", "{19DB753F-2E91-45F2-8F0D-7B95583190D8}"
EndProject
Project("{FAE04EC0-301F-11D3-BF4B-00C04F79EFBC}") = "SingleInstanceManagerTests", "SingleInstanceManagerTests\SingleInstanceManagerTests.csproj", "{CB5F6CA7-4030-4CD4-A76A-F5D6A1717DA4}"
EndProject
Global
	GlobalSection(SolutionConfigurationPlatforms) = preSolution
		Debug|Any CPU = Debug|Any CPU
		Release|Any CPU = Release|Any CPU
	EndGlobalSection
	GlobalSection(ProjectConfigurationPlatforms) = postSolution
		{19DB753F-2E91-45F2-8F0D-7B95583190D8}.Debug|Any CPU.ActiveCfg = Debug|Any CPU
		{19DB753F-2E91-45F2-8F0D-7B95583190D8}.Debug|Any CPU.Build.0 = Debug|Any CPU
		{19DB753F-2E91-45F2-8F0D-7B95583190D8}.Release|Any CPU.ActiveCfg = Release|Any CPU
		{19DB753F-2E91-45F2-8F0D-7B95583190D8}.Release|Any CPU.Build.0 = Release|Any CPU
		{CB5F6CA7-4030-4CD4-A76A-F5D6A1717DA4}.Debug|Any CPU.ActiveCfg = Debug|Any CPU
		{CB5F6CA7-4030-4CD4-A76A-F5D6A1717DA4}.Debug|Any CPU.Build.0 = Debug|Any CPU
		{CB5F6CA7-4030-4CD4-A76A-F5D6A1717DA4}.Release|Any CPU.ActiveCfg = Release|Any CPU
		{CB5F6CA7-4030-4CD4-A76A-F5D6A1717DA4}.Release|Any CPU.Build.0 = Release|Any CPU
	EndGlobalSection
	GlobalSection(SolutionProperties) = preSolution
		HideSolutionNode = FALSE
	EndGlobalSection
	GlobalSection(ExtensibilityGlobals) = postSolution
		SolutionGuid = {2BD918ED-F3F4-4DF0-837E-65D156A3424D}
	EndGlobalSection
EndGlobal
